
Microsoft Visual Studio Solution File, Format Version 12.00
# Visual Studio Version 16
VisualStudioVersion = 16.0.31321.278
MinimumVisualStudioVersion = 10.0.40219.1
Project("{FAE04EC0-301F-11D3-BF4B-00C04F79EFBC}") = "Esdnevnik", "Esdnevnik\Esdnevnik.csproj", "{C76BCB7D-6ABE-4363-A89B-682CB3D63DD8}"
EndProject
Global
	GlobalSection(SolutionConfigurationPlatforms) = preSolution
		Debug|Any CPU = Debug|Any CPU
		Release|Any CPU = Release|Any CPU
	EndGlobalSection
	GlobalSection(ProjectConfigurationPlatforms) = postSolution
		{C76BCB7D-6ABE-4363-A89B-682CB3D63DD8}.Debug|Any CPU.ActiveCfg = Debug|Any CPU
		{C76BCB7D-6ABE-4363-A89B-682CB3D63DD8}.Debug|Any CPU.Build.0 = Debug|Any CPU
		{C76BCB7D-6ABE-4363-A89B-682CB3D63DD8}.Release|Any CPU.ActiveCfg = Release|Any CPU
		{C76BCB7D-6ABE-4363-A89B-682CB3D63DD8}.Release|Any CPU.Build.0 = Release|Any CPU
	EndGlobalSection
	GlobalSection(SolutionProperties) = preSolution
		HideSolutionNode = FALSE
	EndGlobalSection
	GlobalSection(ExtensibilityGlobals) = postSolution
		SolutionGuid = {89EC79F1-3479-4306-BF29-F80F059611D7}
	EndGlobalSection
EndGlobal
